{
  "requires": true,
  "lockfileVersion": 1,
  "dependencies": {
    "bootstrap-table": {
      "version": "1.18.3",
      "resolved": "https://registry.npmjs.org/bootstrap-table/-/bootstrap-table-1.18.3.tgz",
      "integrity": "sha512-/eFLkldDlNFi37qC/d9THfRVxMUGD34E8fQBFtXJLDHLBOVKWDTq7BV+udoP7k3FfCEyhM1jWQnQ0rMQdBv//w=="
    }
  }
}
